<?xml version="1.0" encoding="utf-8"?>
<Project ToolsVersion="4.0" xmlns="http://schemas.microsoft.com/developer/msbuild/2003">
  <ItemGroup>
    <Filter Include="Source Files">
      <UniqueIdentifier>{74e9bb02-31f5-417a-9282-5e324e6a628e}</UniqueIdentifier>
      <Extensions>cpp;c;cxx;rc;def;r;odl;idl;hpj;bat</Extensions>
    </Filter>
    <Filter Include="Source Files\Windows">
      <UniqueIdentifier>{e64b2195-21f4-4103-8764-1c48e93a5232}</UniqueIdentifier>
    </Filter>
    <Filter Include="Source Files\Exception">
      <UniqueIdentifier>{11ed1efc-6ead-4c3f-a013-89b6a7a3e2ce}</UniqueIdentifier>
    </Filter>
  </ItemGroup>
  <ItemGroup>
    <ClInclude Include="..\src\Standard\Algebra.h">
      <Filter>Source Files</Filter>
    </ClInclude>
    <ClInclude Include="..\src\Standard\api.h">
      <Filter>Source Files</Filter>
    </ClInclude>
    <ClInclude Include="..\src\Standard\Base.h">
      <Filter>Source Files</Filter>
    </ClInclude>
    <ClInclude Include="..\src\Standard\binstream.h">
      <Filter>Source Files</Filter>
    </ClInclude>
    <ClInclude Include="..\src\Standard\CircularBuffer.h">
      <Filter>Source Files</Filter>
    </ClInclude>
    <ClInclude Include="..\src\Standard\CMemCheck.h">
      <Filter>Source Files</Filter>
    </ClInclude>
    <ClInclude Include="..\src\Standard\Collide.h">
      <Filter>Source Files</Filter>
    </ClInclude>
    <ClInclude Include="..\src\Standard\CommandLine.h">
      <Filter>Source Files</Filter>
    </ClInclude>
    <ClInclude Include="..\src\Standard\Config.h">
      <Filter>Source Files</Filter>
    </ClInclude>
    <ClInclude Include="..\src\Standard\ConfigService.h">
      <Filter>Source Files</Filter>
    </ClInclude>
    <ClInclude Include="..\src\Standard\Counter.h">
      <Filter>Source Files</Filter>
    </ClInclude>
    <ClInclude Include="..\src\Standard\CriticalSectionBlock.h">
      <Filter>Source Files</Filter>
    </ClInclude>
    <ClInclude Include="..\src\Standard\D3DHelp.h">
      <Filter>Source Files</Filter>
    </ClInclude>
    <ClInclude Include="..\src\Standard\Delegate.h">
      <Filter>Source Files</Filter>
    </ClInclude>
    <ClInclude Include="..\src\Standard\Dirty.h">
      <Filter>Source Files</Filter>
    </ClInclude>
    <ClInclude Include="..\src\Standard\EmbeddedPtr.h">
      <Filter>Source Files</Filter>
    </ClInclude>
    <ClInclude Include="..\src\Standard\Exception.h">
      <Filter>Source Files</Filter>
    </ClInclude>
    <ClInclude Include="..\src\Standard\ExceptionStream.h">
      <Filter>Source Files</Filter>
    </ClInclude>
    <ClInclude Include="..\src\Standard\FileHelp.h">
      <Filter>Source Files</Filter>
    </ClInclude>
    <ClInclude Include="..\src\Standard\FileMgr.h">
      <Filter>Source Files</Filter>
    </ClInclude>
    <ClInclude Include="..\src\Standard\Filesystem.h">
      <Filter>Source Files</Filter>
    </ClInclude>
    <ClInclude Include="..\src\Standard\Help.h">
      <Filter>Source Files</Filter>
    </ClInclude>
    <ClInclude Include="..\src\Standard\Image.h">
      <Filter>Source Files</Filter>
    </ClInclude>
    <ClInclude Include="..\src\Standard\Interpolation.h">
      <Filter>Source Files</Filter>
    </ClInclude>
    <ClInclude Include="..\src\Standard\Lazy.h">
      <Filter>Source Files</Filter>
    </ClInclude>
    <ClInclude Include="..\src\Standard\Lockable.h">
      <Filter>Source Files</Filter>
    </ClInclude>
    <ClInclude Include="..\src\Standard\Log.h">
      <Filter>Source Files</Filter>
    </ClInclude>
    <ClInclude Include="..\src\Standard\Mapping.h">
      <Filter>Source Files</Filter>
    </ClInclude>
    <ClInclude Include="..\src\Standard\Math.h">
      <Filter>Source Files</Filter>
    </ClInclude>
    <ClInclude Include="..\src\Standard\MathHelp.h">
      <Filter>Source Files</Filter>
    </ClInclude>
    <ClInclude Include="..\src\Standard\MultiDelegate.h">
      <Filter>Source Files</Filter>
    </ClInclude>
    <ClInclude Include="..\src\Standard\Numerical.h">
      <Filter>Source Files</Filter>
    </ClInclude>
    <ClInclude Include="..\src\Standard\Parser.h">
      <Filter>Source Files</Filter>
    </ClInclude>
    <ClInclude Include="..\src\Standard\Path.h">
      <Filter>Source Files</Filter>
    </ClInclude>
    <ClInclude Include="..\src\Standard\pch.h">
      <Filter>Source Files</Filter>
    </ClInclude>
    <ClInclude Include="..\src\Standard\PendingList.h">
      <Filter>Source Files</Filter>
    </ClInclude>
    <ClInclude Include="..\src\Standard\platform.h">
      <Filter>Source Files</Filter>
    </ClInclude>
    <ClInclude Include="..\src\Standard\Predicates.h">
      <Filter>Source Files</Filter>
    </ClInclude>
    <ClInclude Include="..\src\Standard\Profiler.h">
      <Filter>Source Files</Filter>
    </ClInclude>
    <ClInclude Include="..\src\Standard\PtrD3D.h">
      <Filter>Source Files</Filter>
    </ClInclude>
    <ClInclude Include="..\src\Standard\PtrGC.h">
      <Filter>Source Files</Filter>
    </ClInclude>
    <ClInclude Include="..\src\Standard\PtrGCBase.h">
      <Filter>Source Files</Filter>
    </ClInclude>
    <ClInclude Include="..\src\Standard\PtrGCHost.h">
      <Filter>Source Files</Filter>
    </ClInclude>
    <ClInclude Include="..\src\Standard\PtrGCManager.h">
      <Filter>Source Files</Filter>
    </ClInclude>
    <ClInclude Include="..\src\Standard\PtrGCRefCountMethod.h">
      <Filter>Source Files</Filter>
    </ClInclude>
    <ClInclude Include="..\src\Standard\Rand.h">
      <Filter>Source Files</Filter>
    </ClInclude>
    <ClInclude Include="..\src\Standard\Range.h">
      <Filter>Source Files</Filter>
    </ClInclude>
    <ClInclude Include="..\src\Standard\RawImage.h">
      <Filter>Source Files</Filter>
    </ClInclude>
    <ClInclude Include="..\src\Standard\Rect.h">
      <Filter>Source Files</Filter>
    </ClInclude>
    <ClInclude Include="..\src\Standard\Registrar.h">
      <Filter>Source Files</Filter>
    </ClInclude>
    <ClInclude Include="..\src\Standard\RTTI.h">
      <Filter>Source Files</Filter>
    </ClInclude>
    <ClInclude Include="..\src\Standard\Ruby.h">
      <Filter>Source Files</Filter>
    </ClInclude>
    <ClInclude Include="..\src\Standard\RubyHelp.h">
      <Filter>Source Files</Filter>
    </ClInclude>
    <ClInclude Include="..\src\Standard\Singleton.h">
      <Filter>Source Files</Filter>
    </ClInclude>
    <ClInclude Include="..\src\Standard\SkipList.h">
      <Filter>Source Files</Filter>
    </ClInclude>
    <ClInclude Include="..\src\Standard\SmartPtr.h">
      <Filter>Source Files</Filter>
    </ClInclude>
    <ClInclude Include="..\src\Standard\SortedVec.h">
      <Filter>Source Files</Filter>
    </ClInclude>
    <ClInclude Include="..\src\Standard\Spline.h">
      <Filter>Source Files</Filter>
    </ClInclude>
    <ClInclude Include="..\src\Standard\StateMachine.h">
      <Filter>Source Files</Filter>
    </ClInclude>
    <ClInclude Include="..\src\Standard\SteppableThreadHost.h">
      <Filter>Source Files</Filter>
    </ClInclude>
    <ClInclude Include="..\src\Standard\STLHelp.h">
      <Filter>Source Files</Filter>
    </ClInclude>
    <ClInclude Include="..\src\Standard\Streamable.h">
      <Filter>Source Files</Filter>
    </ClInclude>
    <ClInclude Include="..\src\Standard\streamops.h">
      <Filter>Source Files</Filter>
    </ClInclude>
    <ClInclude Include="..\src\Standard\streamops_math.h">
      <Filter>Source Files</Filter>
    </ClInclude>
    <ClInclude Include="..\src\Standard\textstream.h">
      <Filter>Source Files</Filter>
    </ClInclude>
    <ClInclude Include="..\src\Standard\textstringstream.h">
      <Filter>Source Files</Filter>
    </ClInclude>
    <ClInclude Include="..\src\Standard\TGA.h">
      <Filter>Source Files</Filter>
    </ClInclude>
    <ClInclude Include="..\src\Standard\Thread.h">
      <Filter>Source Files</Filter>
    </ClInclude>
    <ClInclude Include="..\src\Standard\ThreadBase.h">
      <Filter>Source Files</Filter>
    </ClInclude>
    <ClInclude Include="..\src\Standard\Time.h">
      <Filter>Source Files</Filter>
    </ClInclude>
    <ClInclude Include="..\src\Standard\TimedLog.h">
      <Filter>Source Files</Filter>
    </ClInclude>
    <ClInclude Include="..\src\Standard\TreeNode.h">
      <Filter>Source Files</Filter>
    </ClInclude>
    <ClInclude Include="..\src\Standard\Wavelet.h">
      <Filter>Source Files</Filter>
    </ClInclude>
    <ClInclude Include="..\src\Windows\Standard\Alert.h">
      <Filter>Source Files\Windows</Filter>
    </ClInclude>
    <ClInclude Include="..\src\Windows\Standard\AsyncEvent.h">
      <Filter>Source Files\Windows</Filter>
    </ClInclude>
    <ClInclude Include="..\src\Windows\Standard\CriticalSection.h">
      <Filter>Source Files\Windows</Filter>
    </ClInclude>
    <ClInclude Include="..\src\Windows\Standard\DebugInfo.h">
      <Filter>Source Files\Windows</Filter>
    </ClInclude>
    <ClInclude Include="..\src\Windows\Standard\DeviceNotification.h">
      <Filter>Source Files\Windows</Filter>
    </ClInclude>
    <ClInclude Include="..\src\Windows\Standard\dxerr.h">
      <Filter>Source Files\Windows</Filter>
    </ClInclude>
    <ClInclude Include="..\src\Windows\Standard\DXInput.h">
      <Filter>Source Files\Windows</Filter>
    </ClInclude>
    <ClInclude Include="..\src\Windows\Standard\ExceptionWinAPI.h">
      <Filter>Source Files\Windows</Filter>
    </ClInclude>
    <ClInclude Include="..\src\Windows\Standard\MemoryMappedFileIterator.h">
      <Filter>Source Files\Windows</Filter>
    </ClInclude>
    <ClInclude Include="..\src\Windows\Standard\PlatformThread.h">
      <Filter>Source Files\Windows</Filter>
    </ClInclude>
    <ClInclude Include="..\src\Windows\Standard\STLGuid.h">
      <Filter>Source Files\Windows</Filter>
    </ClInclude>
    <ClInclude Include="..\src\Windows\Standard\ThreadStepper.h">
      <Filter>Source Files\Windows</Filter>
    </ClInclude>
    <ClInclude Include="..\src\Windows\Standard\Timer.h">
      <Filter>Source Files\Windows</Filter>
    </ClInclude>
    <ClInclude Include="..\src\Standard\Exception\Base.h">
      <Filter>Source Files\Exception</Filter>
    </ClInclude>
    <ClInclude Include="..\src\Standard\Exception\Config.h">
      <Filter>Source Files\Exception</Filter>
    </ClInclude>
    <ClInclude Include="..\src\Standard\Exception\Filesystem.h">
      <Filter>Source Files\Exception</Filter>
    </ClInclude>
    <ClInclude Include="..\src\Standard\Exception\StreamRTTI.h">
      <Filter>Source Files\Exception</Filter>
    </ClInclude>
    <ClInclude Include="..\src\Standard\Exception\TextStreamParseException.h">
      <Filter>Source Files\Exception</Filter>
    </ClInclude>
  </ItemGroup>
  <ItemGroup>
    <ClCompile Include="..\src\Standard\Base.cpp">
      <Filter>Source Files</Filter>
    </ClCompile>
    <ClCompile Include="..\src\Standard\binstream.cpp">
      <Filter>Source Files</Filter>
    </ClCompile>
    <ClCompile Include="..\src\Standard\CMemCheck.cpp">
      <Filter>Source Files</Filter>
    </ClCompile>
    <ClCompile Include="..\src\Standard\Collide.cpp">
      <Filter>Source Files</Filter>
    </ClCompile>
    <ClCompile Include="..\src\Standard\CommandLine.cpp">
      <Filter>Source Files</Filter>
    </ClCompile>
    <ClCompile Include="..\src\Standard\Config.cpp">
      <Filter>Source Files</Filter>
    </ClCompile>
    <ClCompile Include="..\src\Standard\ConfigService.cpp">
      <Filter>Source Files</Filter>
    </ClCompile>
    <ClCompile Include="..\src\Standard\CriticalSectionBlock.cpp">
      <Filter>Source Files</Filter>
    </ClCompile>
    <ClCompile Include="..\src\Standard\Delegate.cpp">
      <Filter>Source Files</Filter>
    </ClCompile>
    <ClCompile Include="..\src\Standard\EmbeddedPtr.cpp">
      <Filter>Source Files</Filter>
    </ClCompile>
    <ClCompile Include="..\src\Standard\Exception.cpp">
      <Filter>Source Files</Filter>
    </ClCompile>
    <ClCompile Include="..\src\Standard\ExceptionFilesystem.cpp">
      <Filter>Source Files</Filter>
    </ClCompile>
    <ClCompile Include="..\src\Standard\ExceptionStream.cpp">
      <Filter>Source Files</Filter>
    </ClCompile>
    <ClCompile Include="..\src\Standard\FileMgr.cpp">
      <Filter>Source Files</Filter>
    </ClCompile>
    <ClCompile Include="..\src\Standard\Filesystem.cpp">
      <Filter>Source Files</Filter>
    </ClCompile>
    <ClCompile Include="..\src\Standard\Help.cpp">
      <Filter>Source Files</Filter>
    </ClCompile>
    <ClCompile Include="..\src\Standard\Image.cpp">
      <Filter>Source Files</Filter>
    </ClCompile>
    <ClCompile Include="..\src\Standard\Log.cpp">
      <Filter>Source Files</Filter>
    </ClCompile>
    <ClCompile Include="..\src\Standard\Math.cpp">
      <Filter>Source Files</Filter>
    </ClCompile>
    <ClCompile Include="..\src\Standard\MultiDelegate.cpp">
      <Filter>Source Files</Filter>
    </ClCompile>
    <ClCompile Include="..\src\Standard\Path.cpp">
      <Filter>Source Files</Filter>
    </ClCompile>
    <ClCompile Include="..\src\Standard\pch.cpp">
      <Filter>Source Files</Filter>
    </ClCompile>
    <ClCompile Include="..\src\Standard\Profiler.cpp">
      <Filter>Source Files</Filter>
    </ClCompile>
    <ClCompile Include="..\src\Standard\PtrGC.cpp">
      <Filter>Source Files</Filter>
    </ClCompile>
    <ClCompile Include="..\src\Standard\PtrGCBase.cpp">
      <Filter>Source Files</Filter>
    </ClCompile>
    <ClCompile Include="..\src\Standard\PtrGCHost.cpp">
      <Filter>Source Files</Filter>
    </ClCompile>
    <ClCompile Include="..\src\Standard\Rand.cpp">
      <Filter>Source Files</Filter>
    </ClCompile>
    <ClCompile Include="..\src\Standard\Rect.cpp">
      <Filter>Source Files</Filter>
    </ClCompile>
    <ClCompile Include="..\src\Standard\Registrar.cpp">
      <Filter>Source Files</Filter>
    </ClCompile>
    <ClCompile Include="..\src\Standard\Ruby.cpp">
      <Filter>Source Files</Filter>
    </ClCompile>
    <ClCompile Include="..\src\Standard\SmartPtr.cpp">
      <Filter>Source Files</Filter>
    </ClCompile>
    <ClCompile Include="..\src\Standard\StateMachine.cpp">
      <Filter>Source Files</Filter>
    </ClCompile>
    <ClCompile Include="..\src\Standard\stdafx.cpp">
      <Filter>Source Files</Filter>
    </ClCompile>
    <ClCompile Include="..\src\Standard\SteppableThreadHost.cpp">
      <Filter>Source Files</Filter>
    </ClCompile>
    <ClCompile Include="..\src\Standard\Streamable.cpp">
      <Filter>Source Files</Filter>
    </ClCompile>
    <ClCompile Include="..\src\Standard\textstream.cpp">
      <Filter>Source Files</Filter>
    </ClCompile>
    <ClCompile Include="..\src\Standard\TGA.cpp">
      <Filter>Source Files</Filter>
    </ClCompile>
    <ClCompile Include="..\src\Standard\Time.cpp">
      <Filter>Source Files</Filter>
    </ClCompile>
    <ClCompile Include="..\src\Windows\Standard\AsyncEvent.cpp">
      <Filter>Source Files\Windows</Filter>
    </ClCompile>
    <ClCompile Include="..\src\Windows\Standard\CriticalSection.cpp">
      <Filter>Source Files\Windows</Filter>
    </ClCompile>
    <ClCompile Include="..\src\Windows\Standard\DebugInfo.cpp">
      <Filter>Source Files\Windows</Filter>
    </ClCompile>
    <ClCompile Include="..\src\Windows\Standard\DeviceNotification.cpp">
      <Filter>Source Files\Windows</Filter>
    </ClCompile>
    <ClCompile Include="..\src\Windows\Standard\dxerr.cpp">
      <Filter>Source Files\Windows</Filter>
    </ClCompile>
    <ClCompile Include="..\src\Windows\Standard\DXInput.cpp">
      <Filter>Source Files\Windows</Filter>
    </ClCompile>
    <ClCompile Include="..\src\Windows\Standard\ExceptionWinAPI.cpp">
      <Filter>Source Files\Windows</Filter>
    </ClCompile>
    <ClCompile Include="..\src\Windows\Standard\PlatformThread.cpp">
      <Filter>Source Files\Windows</Filter>
    </ClCompile>
    <ClCompile Include="..\src\Windows\Standard\ThreadStepper.cpp">
      <Filter>Source Files\Windows</Filter>
    </ClCompile>
    <ClCompile Include="..\src\Standard\Exception\ExceptionConfig.cpp">
      <Filter>Source Files\Exception</Filter>
    </ClCompile>
    <ClCompile Include="..\src\Standard\Exception\StreamRTTI.cpp">
      <Filter>Source Files\Exception</Filter>
    </ClCompile>
    <ClCompile Include="..\src\Standard\Exception\TextStreamParseException.cpp">
      <Filter>Source Files\Exception</Filter>
    </ClCompile>
  </ItemGroup>
</Project>